
Microsoft Visual Studio Solution File, Format Version 12.00
# Visual Studio Version 17
VisualStudioVersion = 17.10.35122.118
MinimumVisualStudioVersion = 10.0.40219.1
Project("{FAE04EC0-301F-11D3-BF4B-00C04F79EFBC}") = "Pattern1", "Pattern1\Pattern1.csproj", "{B7B260EC-2869-4170-B78C-B2D8BF285F47}"
EndProject
Global
	GlobalSection(SolutionConfigurationPlatforms) = preSolution
		Debug|Any CPU = Debug|Any CPU
		Release|Any CPU = Release|Any CPU
	EndGlobalSection
	GlobalSection(ProjectConfigurationPlatforms) = postSolution
		{B7B260EC-2869-4170-B78C-B2D8BF285F47}.Debug|Any CPU.ActiveCfg = Debug|Any CPU
		{B7B260EC-2869-4170-B78C-B2D8BF285F47}.Debug|Any CPU.Build.0 = Debug|Any CPU
		{B7B260EC-2869-4170-B78C-B2D8BF285F47}.Release|Any CPU.ActiveCfg = Release|Any CPU
		{B7B260EC-2869-4170-B78C-B2D8BF285F47}.Release|Any CPU.Build.0 = Release|Any CPU
	EndGlobalSection
	GlobalSection(SolutionProperties) = preSolution
		HideSolutionNode = FALSE
	EndGlobalSection
	GlobalSection(ExtensibilityGlobals) = postSolution
		SolutionGuid = {E5A39D60-2D0B-49D4-A05D-245EDA165BF2}
	EndGlobalSection
EndGlobal
